
Microsoft Visual Studio Solution File, Format Version 12.00
# Visual Studio Version 16
VisualStudioVersion = 16.0.28729.10
MinimumVisualStudioVersion = 10.0.40219.1
Project("{FAE04EC0-301F-11D3-BF4B-00C04F79EFBC}") = "TextEditor", "TextEditor\TextEditor.csproj", "{B45EE643-0109-4E74-B874-01CF62A40A9D}"
EndProject
Global
	GlobalSection(SolutionConfigurationPlatforms) = preSolution
		Debug|Any CPU = Debug|Any CPU
		Release|Any CPU = Release|Any CPU
	EndGlobalSection
	GlobalSection(ProjectConfigurationPlatforms) = postSolution
		{B45EE643-0109-4E74-B874-01CF62A40A9D}.Debug|Any CPU.ActiveCfg = Debug|Any CPU
		{B45EE643-0109-4E74-B874-01CF62A40A9D}.Debug|Any CPU.Build.0 = Debug|Any CPU
		{B45EE643-0109-4E74-B874-01CF62A40A9D}.Release|Any CPU.ActiveCfg = Release|Any CPU
		{B45EE643-0109-4E74-B874-01CF62A40A9D}.Release|Any CPU.Build.0 = Release|Any CPU
	EndGlobalSection
	GlobalSection(SolutionProperties) = preSolution
		HideSolutionNode = FALSE
	EndGlobalSection
	GlobalSection(ExtensibilityGlobals) = postSolution
		SolutionGuid = {1DFB08E3-C93F-4541-88E6-FDB8A1F20E05}
	EndGlobalSection
EndGlobal
