
Microsoft Visual Studio Solution File, Format Version 12.00
# Visual Studio Version 16
VisualStudioVersion = 16.0.28803.352
MinimumVisualStudioVersion = 10.0.40219.1
Project("{FAE04EC0-301F-11D3-BF4B-00C04F79EFBC}") = "ExceptionControlTest", "ExceptionControlTest\ExceptionControlTest.csproj", "{EFFA22BD-AE48-4173-9647-CB97A539789C}"
EndProject
Global
	GlobalSection(SolutionConfigurationPlatforms) = preSolution
		Debug|Any CPU = Debug|Any CPU
		Release|Any CPU = Release|Any CPU
	EndGlobalSection
	GlobalSection(ProjectConfigurationPlatforms) = postSolution
		{EFFA22BD-AE48-4173-9647-CB97A539789C}.Debug|Any CPU.ActiveCfg = Debug|Any CPU
		{EFFA22BD-AE48-4173-9647-CB97A539789C}.Debug|Any CPU.Build.0 = Debug|Any CPU
		{EFFA22BD-AE48-4173-9647-CB97A539789C}.Release|Any CPU.ActiveCfg = Release|Any CPU
		{EFFA22BD-AE48-4173-9647-CB97A539789C}.Release|Any CPU.Build.0 = Release|Any CPU
	EndGlobalSection
	GlobalSection(SolutionProperties) = preSolution
		HideSolutionNode = FALSE
	EndGlobalSection
	GlobalSection(ExtensibilityGlobals) = postSolution
		SolutionGuid = {E5B8E5D9-92E4-4DEB-B0DE-2BF3758B6CFF}
	EndGlobalSection
EndGlobal
